
Microsoft Visual Studio Solution File, Format Version 12.00
# Visual Studio Version 17
VisualStudioVersion = 17.12.35707.178
MinimumVisualStudioVersion = 10.0.40219.1
Project("{FAE04EC0-301F-11D3-BF4B-00C04F79EFBC}") = "SimplifiedLotteryGame.ConsoleApp", "SimplifiedLotteryGame.ConsoleApp.csproj", "{1221B028-8927-40F5-BC78-BBA82B21EC59}"
EndProject
Project("{FAE04EC0-301F-11D3-BF4B-00C04F79EFBC}") = "SimplifiedLotteryGame.Data", "..\SimplifiedLotteryGame.Data\SimplifiedLotteryGame.Data.csproj", "{79D51CF6-16E7-4A2A-9170-8FAC1D0691DD}"
EndProject
Project("{FAE04EC0-301F-11D3-BF4B-00C04F79EFBC}") = "SimplifiedLotteryGame.Services", "..\SimplifiedLotteryGame.Services\SimplifiedLotteryGame.Services.csproj", "{C4D01465-BE56-4FEA-914C-230515D71BF2}"
EndProject
Project("{FAE04EC0-301F-11D3-BF4B-00C04F79EFBC}") = "SimplifiedLotteryGame.Common", "..\SimplifiedLotteryGame.Common\SimplifiedLotteryGame.Common.csproj", "{3B7C6CDD-1BC0-44C8-BC4F-C6C0D629FEED}"
EndProject
Project("{FAE04EC0-301F-11D3-BF4B-00C04F79EFBC}") = "SimplifiedLotteryGame.UnitTests.Services", "..\SimplifiedLotteryGame.UnitTests.Services\SimplifiedLotteryGame.UnitTests.Services.csproj", "{7C48698F-5390-4DC2-8E8B-B77D80F40C50}"
EndProject
Project("{FAE04EC0-301F-11D3-BF4B-00C04F79EFBC}") = "SimplifiedLotteryGame.UnitTests.Common", "..\SimplifiedLotteryGame.UnitTests.Common\SimplifiedLotteryGame.UnitTests.Common.csproj", "{B8F601EE-1CFE-44BA-9DEA-EBB50DD7038B}"
EndProject
Global
	GlobalSection(SolutionConfigurationPlatforms) = preSolution
		Debug|Any CPU = Debug|Any CPU
		Release|Any CPU = Release|Any CPU
	EndGlobalSection
	GlobalSection(ProjectConfigurationPlatforms) = postSolution
		{1221B028-8927-40F5-BC78-BBA82B21EC59}.Debug|Any CPU.ActiveCfg = Debug|Any CPU
		{1221B028-8927-40F5-BC78-BBA82B21EC59}.Debug|Any CPU.Build.0 = Debug|Any CPU
		{1221B028-8927-40F5-BC78-BBA82B21EC59}.Release|Any CPU.ActiveCfg = Release|Any CPU
		{1221B028-8927-40F5-BC78-BBA82B21EC59}.Release|Any CPU.Build.0 = Release|Any CPU
		{79D51CF6-16E7-4A2A-9170-8FAC1D0691DD}.Debug|Any CPU.ActiveCfg = Debug|Any CPU
		{79D51CF6-16E7-4A2A-9170-8FAC1D0691DD}.Debug|Any CPU.Build.0 = Debug|Any CPU
		{79D51CF6-16E7-4A2A-9170-8FAC1D0691DD}.Release|Any CPU.ActiveCfg = Release|Any CPU
		{79D51CF6-16E7-4A2A-9170-8FAC1D0691DD}.Release|Any CPU.Build.0 = Release|Any CPU
		{C4D01465-BE56-4FEA-914C-230515D71BF2}.Debug|Any CPU.ActiveCfg = Debug|Any CPU
		{C4D01465-BE56-4FEA-914C-230515D71BF2}.Debug|Any CPU.Build.0 = Debug|Any CPU
		{C4D01465-BE56-4FEA-914C-230515D71BF2}.Release|Any CPU.ActiveCfg = Release|Any CPU
		{C4D01465-BE56-4FEA-914C-230515D71BF2}.Release|Any CPU.Build.0 = Release|Any CPU
		{3B7C6CDD-1BC0-44C8-BC4F-C6C0D629FEED}.Debug|Any CPU.ActiveCfg = Debug|Any CPU
		{3B7C6CDD-1BC0-44C8-BC4F-C6C0D629FEED}.Debug|Any CPU.Build.0 = Debug|Any CPU
		{3B7C6CDD-1BC0-44C8-BC4F-C6C0D629FEED}.Release|Any CPU.ActiveCfg = Release|Any CPU
		{3B7C6CDD-1BC0-44C8-BC4F-C6C0D629FEED}.Release|Any CPU.Build.0 = Release|Any CPU
		{7C48698F-5390-4DC2-8E8B-B77D80F40C50}.Debug|Any CPU.ActiveCfg = Debug|Any CPU
		{7C48698F-5390-4DC2-8E8B-B77D80F40C50}.Debug|Any CPU.Build.0 = Debug|Any CPU
		{7C48698F-5390-4DC2-8E8B-B77D80F40C50}.Release|Any CPU.ActiveCfg = Release|Any CPU
		{7C48698F-5390-4DC2-8E8B-B77D80F40C50}.Release|Any CPU.Build.0 = Release|Any CPU
		{B8F601EE-1CFE-44BA-9DEA-EBB50DD7038B}.Debug|Any CPU.ActiveCfg = Debug|Any CPU
		{B8F601EE-1CFE-44BA-9DEA-EBB50DD7038B}.Debug|Any CPU.Build.0 = Debug|Any CPU
		{B8F601EE-1CFE-44BA-9DEA-EBB50DD7038B}.Release|Any CPU.ActiveCfg = Release|Any CPU
		{B8F601EE-1CFE-44BA-9DEA-EBB50DD7038B}.Release|Any CPU.Build.0 = Release|Any CPU
	EndGlobalSection
	GlobalSection(SolutionProperties) = preSolution
		HideSolutionNode = FALSE
	EndGlobalSection
EndGlobal
